dependencies:
  espressif/esp-dsp:
    component_hash: 2592f9fd35b35b63cc8303078413ac3dd4ab8eecc2b53fe1cb610a86756db7a5
    source:
      service_url: https://api.components.espressif.com/
      type: service
    version: 1.5.1
  idf:
    component_hash: null
    source:
      type: idf
    version: 4.4.6
manifest_hash: 27b25d4b22735b9dcba7914e1eff3ab80d4facd4a49005a734735e28dfd97e29
target: esp32s3
version: 1.0.0
